{
  "name": "homesite",
  "version": "1.0.0",
  "lockfileVersion": 1,
  "requires": true,
  "dependencies": {
    "@discoveryjs/json-ext": {
      "version": "0.5.2",
      "resolved": "https://registry.npm.taobao.org/@discoveryjs/json-ext/download/@discoveryjs/json-ext-0.5.2.tgz",
      "integrity": "sha1-jwOiKgTeQ3JU6M6MyEujlokoh1I=",
      "dev": true
    },
    "@types/eslint": {
      "version": "7.2.6",
      "resolved": "https://registry.npm.taobao.org/@types/eslint/download/@types/eslint-7.2.6.tgz?cache=0&sync_timestamp=1606904618403&other_urls=https%3A%2F%2Fregistry.npm.taobao.org%2F%40types%2Feslint%2Fdownload%2F%40types%2Feslint-7.2.6.tgz",
      "integrity": "sha1-Xpr/VVqXVZbAOpi1ns0QPezHDDw=",
      "dev": true,
      "requires": {
        "@types/estree": "*",
        "@types/json-schema": "*"
      }
    },
    "@types/eslint-scope": {
      "version": "3.7.0",
      "resolved": "https://registry.npm.taobao.org/@types/eslint-scope/download/@types/eslint-scope-3.7.0.tgz",
      "integrity": "sha1-R5KBbjERnr1QaQKkgsrsSVH6vYY=",
      "dev": true,
      "requires": {
        "@types/eslint": "*",
        "@types/estree": "*"
      }
    },
    "@types/estree": {
      "version": "0.0.45",
      "resolved": "https://registry.npm.taobao.org/@types/estree/download/@types/estree-0.0.45.tgz?cache=0&sync_timestamp=1605053132167&other_urls=https%3A%2F%2Fregistry.npm.taobao.org%2F%40types%2Festree%2Fdownload%2F%40types%2Festree-0.0.45.tgz",
      "integrity": "sha1-6Th1cpmOXs2sIhlQ2rPow7Fq+IQ=",
      "dev": true
    },
    "@types/json-schema": {
      "version": "7.0.6",
      "resolved": "https://registry.npm.taobao.org/@types/json-schema/download/@types/json-schema-7.0.6.tgz",
      "integrity": "sha1-9MfsQ+gbMZqYFRFQMXCfJph4kfA=",
      "dev": true
    },
    "@types/node": {
      "version": "14.14.20",
      "resolved": "https://registry.npm.taobao.org/@types/node/download/@types/node-14.14.20.tgz?cache=0&sync_timestamp=1609792088183&other_urls=https%3A%2F%2Fregistry.npm.taobao.org%2F%40types%2Fnode%2Fdownload%2F%40types%2Fnode-14.14.20.tgz",
      "integrity": "sha1-95dIY+3SHR+KSUpz6OKzZYYVw0A=",
      "dev": true
    },
    "@webassemblyjs/ast": {
      "version": "1.11.0",
      "resolved": "https://registry.npm.taobao.org/@webassemblyjs/ast/download/@webassemblyjs/ast-1.11.0.tgz?cache=0&sync_timestamp=1610041305745&other_urls=https%3A%2F%2Fregistry.npm.taobao.org%2F%40webassemblyjs%2Fast%2Fdownload%2F%40webassemblyjs%2Fast-1.11.0.tgz",
      "integrity": "sha1-papnnv3J5RcHpCBxOdpXkgVVlh8=",
      "dev": true,
      "requires": {
        "@webassemblyjs/helper-numbers": "1.11.0",
        "@webassemblyjs/helper-wasm-bytecode": "1.11.0"
      }
    },
    "@webassemblyjs/floating-point-hex-parser": {
      "version": "1.11.0",
      "resolved": "https://registry.npm.taobao.org/@webassemblyjs/floating-point-hex-parser/download/@webassemblyjs/floating-point-hex-parser-1.11.0.tgz?cache=0&sync_timestamp=1610041307537&other_urls=https%3A%2F%2Fregistry.npm.taobao.org%2F%40webassemblyjs%2Ffloating-point-hex-parser%2Fdownload%2F%40webassemblyjs%2Ffloating-point-hex-parser-1.11.0.tgz",
      "integrity": "sha1-NNYgUvRTzUMQHXLqtJZqAiWHlHw=",
      "dev": true
    },
    "@webassemblyjs/helper-api-error": {
      "version": "1.11.0",
      "resolved": "https://registry.npm.taobao.org/@webassemblyjs/helper-api-error/download/@webassemblyjs/helper-api-error-1.11.0.tgz?cache=0&sync_timestamp=1610041309019&other_urls=https%3A%2F%2Fregistry.npm.taobao.org%2F%40webassemblyjs%2Fhelper-api-error%2Fdownload%2F%40webassemblyjs%2Fhelper-api-error-1.11.0.tgz",
      "integrity": "sha1-quqPs7kj9KqptRL/VBsBP/to0tQ=",
      "dev": true
    },
    "@webassemblyjs/helper-buffer": {
      "version": "1.11.0",
      "resolved": "https://registry.npm.taobao.org/@webassemblyjs/helper-buffer/download/@webassemblyjs/helper-buffer-1.11.0.tgz?cache=0&sync_timestamp=1610041308491&other_urls=https%3A%2F%2Fregistry.npm.taobao.org%2F%40webassemblyjs%2Fhelper-buffer%2Fdownload%2F%40webassemblyjs%2Fhelper-buffer-1.11.0.tgz",
      "integrity": "sha1-0CbCXRdeOIp9valpTpHnQ8vptkI=",
      "dev": true
    },
    "@webassemblyjs/helper-numbers": {
      "version": "1.11.0",
      "resolved": "https://registry.npm.taobao.org/@webassemblyjs/helper-numbers/download/@webassemblyjs/helper-numbers-1.11.0.tgz",
      "integrity": "sha1-erBBctVOMSzG6kKG19n6J8iM1Pk=",
      "dev": true,
      "requires": {
        "@webassemblyjs/floating-point-hex-parser": "1.11.0",
        "@webassemblyjs/helper-api-error": "1.11.0",
        "@xtuc/long": "4.2.2"
      }
    },
    "@webassemblyjs/helper-wasm-bytecode": {
      "version": "1.11.0",
      "resolved": "https://registry.npm.taobao.org/@webassemblyjs/helper-wasm-bytecode/download/@webassemblyjs/helper-wasm-bytecode-1.11.0.tgz?cache=0&sync_timestamp=1610041308619&other_urls=https%3A%2F%2Fregistry.npm.taobao.org%2F%40webassemblyjs%2Fhelper-wasm-bytecode%2Fdownload%2F%40webassemblyjs%2Fhelper-wasm-bytecode-1.11.0.tgz",
      "integrity": "sha1-hf3NpBKZAv6G+Bq/fnI2lT7FpOE=",
      "dev": true
    },
    "@webassemblyjs/helper-wasm-section": {
      "version": "1.11.0",
      "resolved": "https://registry.npm.taobao.org/@webassemblyjs/helper-wasm-section/download/@webassemblyjs/helper-wasm-section-1.11.0.tgz?cache=0&sync_timestamp=1610041306931&other_urls=https%3A%2F%2Fregistry.npm.taobao.org%2F%40webassemblyjs%2Fhelper-wasm-section%2Fdownload%2F%40webassemblyjs%2Fhelper-wasm-section-1.11.0.tgz",
      "integrity": "sha1-nOLMiTACYlCcgBtK8RPRyiXBp1s=",
      "dev": true,
      "requires": {
        "@webassemblyjs/ast": "1.11.0",
        "@webassemblyjs/helper-buffer": "1.11.0",
        "@webassemblyjs/helper-wasm-bytecode": "1.11.0",
        "@webassemblyjs/wasm-gen": "1.11.0"
      }
    },
    "@webassemblyjs/ieee754": {
      "version": "1.11.0",
      "resolved": "https://registry.npm.taobao.org/@webassemblyjs/ieee754/download/@webassemblyjs/ieee754-1.11.0.tgz?cache=0&sync_timestamp=1610041309194&other_urls=https%3A%2F%2Fregistry.npm.taobao.org%2F%40webassemblyjs%2Fieee754%2Fdownload%2F%40webassemblyjs%2Fieee754-1.11.0.tgz",
      "integrity": "sha1-RpddWD+YKPXQlKwhDiGUQcTm9c8=",
      "dev": true,
      "requires": {
        "@xtuc/ieee754": "^1.2.0"
      }
    },
    "@webassemblyjs/leb128": {
      "version": "1.11.0",
      "resolved": "https://registry.npm.taobao.org/@webassemblyjs/leb128/download/@webassemblyjs/leb128-1.11.0.tgz?cache=0&sync_timestamp=1610041308922&other_urls=https%3A%2F%2Fregistry.npm.taobao.org%2F%40webassemblyjs%2Fleb128%2Fdownload%2F%40webassemblyjs%2Fleb128-1.11.0.tgz",
      "integrity": "sha1-9zU94d84qiAcup+4i0P0H3X/QDs=",
      "dev": true,
      "requires": {
        "@xtuc/long": "4.2.2"
      }
    },
    "@webassemblyjs/utf8": {
      "version": "1.11.0",
      "resolved": "https://registry.npm.taobao.org/@webassemblyjs/utf8/download/@webassemblyjs/utf8-1.11.0.tgz?cache=0&sync_timestamp=1610041309288&other_urls=https%3A%2F%2Fregistry.npm.taobao.org%2F%40webassemblyjs%2Futf8%2Fdownload%2F%40webassemblyjs%2Futf8-1.11.0.tgz",
      "integrity": "sha1-huSPlZz0ng5QkfBppwm4YvWiyt8=",
      "dev": true
    },
    "@webassemblyjs/wasm-edit": {
      "version": "1.11.0",
      "resolved": "https://registry.npm.taobao.org/@webassemblyjs/wasm-edit/download/@webassemblyjs/wasm-edit-1.11.0.tgz?cache=0&sync_timestamp=1610041307235&other_urls=https%3A%2F%2Fregistry.npm.taobao.org%2F%40webassemblyjs%2Fwasm-edit%2Fdownload%2F%40webassemblyjs%2Fwasm-edit-1.11.0.tgz",
      "integrity": "sha1-7kpcn2dwRqIQVCrmOJcJTCAny3g=",
      "dev": true,
      "requires": {
        "@webassemblyjs/ast": "1.11.0",
        "@webassemblyjs/helper-buffer": "1.11.0",
        "@webassemblyjs/helper-wasm-bytecode": "1.11.0",
        "@webassemblyjs/helper-wasm-section": "1.11.0",
        "@webassemblyjs/wasm-gen": "1.11.0",
        "@webassemblyjs/wasm-opt": "1.11.0",
        "@webassemblyjs/wasm-parser": "1.11.0",
        "@webassemblyjs/wast-printer": "1.11.0"
      }
    },
    "@webassemblyjs/wasm-gen": {
      "version": "1.11.0",
      "resolved": "https://registry.npm.taobao.org/@webassemblyjs/wasm-gen/download/@webassemblyjs/wasm-gen-1.11.0.tgz?cache=0&sync_timestamp=1610041306557&other_urls=https%3A%2F%2Fregistry.npm.taobao.org%2F%40webassemblyjs%2Fwasm-gen%2Fdownload%2F%40webassemblyjs%2Fwasm-gen-1.11.0.tgz",
      "integrity": "sha1-PNs15wCC1Co1FmmI3aZPJM65er4=",
      "dev": true,
      "requires": {
        "@webassemblyjs/ast": "1.11.0",
        "@webassemblyjs/helper-wasm-bytecode": "1.11.0",
        "@webassemblyjs/ieee754": "1.11.0",
        "@webassemblyjs/leb128": "1.11.0",
        "@webassemblyjs/utf8": "1.11.0"
      }
    },
    "@webassemblyjs/wasm-opt": {
      "version": "1.11.0",
      "resolved": "https://registry.npm.taobao.org/@webassemblyjs/wasm-opt/download/@webassemblyjs/wasm-opt-1.11.0.tgz?cache=0&sync_timestamp=1610041306793&other_urls=https%3A%2F%2Fregistry.npm.taobao.org%2F%40webassemblyjs%2Fwasm-opt%2Fdownload%2F%40webassemblyjs%2Fwasm-opt-1.11.0.tgz",
      "integrity": "sha1-FjiuGIE39LsDH1aKQTzSTTL5KXg=",
      "dev": true,
      "requires": {
        "@webassemblyjs/ast": "1.11.0",
        "@webassemblyjs/helper-buffer": "1.11.0",
        "@webassemblyjs/wasm-gen": "1.11.0",
        "@webassemblyjs/wasm-parser": "1.11.0"
      }
    },
    "@webassemblyjs/wasm-parser": {
      "version": "1.11.0",
      "resolved": "https://registry.npm.taobao.org/@webassemblyjs/wasm-parser/download/@webassemblyjs/wasm-parser-1.11.0.tgz?cache=0&sync_timestamp=1610041306194&other_urls=https%3A%2F%2Fregistry.npm.taobao.org%2F%40webassemblyjs%2Fwasm-parser%2Fdownload%2F%40webassemblyjs%2Fwasm-parser-1.11.0.tgz",
      "integrity": "sha1-PmgLiDDVsT0eyGzELzjz1KdwB1Q=",
      "dev": true,
      "requires": {
        "@webassemblyjs/ast": "1.11.0",
        "@webassemblyjs/helper-api-error": "1.11.0",
        "@webassemblyjs/helper-wasm-bytecode": "1.11.0",
        "@webassemblyjs/ieee754": "1.11.0",
        "@webassemblyjs/leb128": "1.11.0",
        "@webassemblyjs/utf8": "1.11.0"
      }
    },
    "@webassemblyjs/wast-printer": {
      "version": "1.11.0",
      "resolved": "https://registry.npm.taobao.org/@webassemblyjs/wast-printer/download/@webassemblyjs/wast-printer-1.11.0.tgz",
      "integrity": "sha1-aA0falNl1tQBl0qOlJ4FR04fq34=",
      "dev": true,
      "requires": {
        "@webassemblyjs/ast": "1.11.0",
        "@xtuc/long": "4.2.2"
      }
    },
    "@webpack-cli/info": {
      "version": "1.2.1",
      "resolved": "https://registry.npm.taobao.org/@webpack-cli/info/download/@webpack-cli/info-1.2.1.tgz",
      "integrity": "sha1-r5gxH5g9C5/OcoTPzxrK8en0h5w=",
      "dev": true,
      "requires": {
        "envinfo": "^7.7.3"
      }
    },
    "@webpack-cli/serve": {
      "version": "1.2.1",
      "resolved": "https://registry.npm.taobao.org/@webpack-cli/serve/download/@webpack-cli/serve-1.2.1.tgz",
      "integrity": "sha1-dRPXp2nj+XlY3nmbW0mHRCWuM5Y=",
      "dev": true
    },
    "@xtuc/ieee754": {
      "version": "1.2.0",
      "resolved": "https://registry.npm.taobao.org/@xtuc/ieee754/download/@xtuc/ieee754-1.2.0.tgz",
      "integrity": "sha1-7vAUoxRa5Hehy8AM0eVSM23Ot5A=",
      "dev": true
    },
    "@xtuc/long": {
      "version": "4.2.2",
      "resolved": "https://registry.npm.taobao.org/@xtuc/long/download/@xtuc/long-4.2.2.tgz",
      "integrity": "sha1-0pHGpOl5ibXGHZrPOWrk/hM6cY0=",
      "dev": true
    },
    "acorn": {
      "version": "8.0.4",
      "resolved": "https://registry.npm.taobao.org/acorn/download/acorn-8.0.4.tgz",
      "integrity": "sha1-ejrkGRRmpphO7g/jQHpPOqnbg1Q=",
      "dev": true
    },
    "ajv": {
      "version": "6.12.6",
      "resolved": "https://registry.npm.taobao.org/ajv/download/ajv-6.12.6.tgz?cache=0&sync_timestamp=1609583946707&other_urls=https%3A%2F%2Fregistry.npm.taobao.org%2Fajv%2Fdownload%2Fajv-6.12.6.tgz",
      "integrity": "sha1-uvWmLoArB9l3A0WG+MO69a3ybfQ=",
      "dev": true,
      "requires": {
        "fast-deep-equal": "^3.1.1",
        "fast-json-stable-stringify": "^2.0.0",
        "json-schema-traverse": "^0.4.1",
        "uri-js": "^4.2.2"
      }
    },
    "ajv-keywords": {
      "version": "3.5.2",
      "resolved": "https://registry.npm.taobao.org/ajv-keywords/download/ajv-keywords-3.5.2.tgz?cache=0&sync_timestamp=1608059810829&other_urls=https%3A%2F%2Fregistry.npm.taobao.org%2Fajv-keywords%2Fdownload%2Fajv-keywords-3.5.2.tgz",
      "integrity": "sha1-MfKdpatuANHC0yms97WSlhTVAU0=",
      "dev": true
    },
    "ansi-colors": {
      "version": "4.1.1",
      "resolved": "https://registry.npm.taobao.org/ansi-colors/download/ansi-colors-4.1.1.tgz",
      "integrity": "sha1-y7muJWv3UK8eqzRPIpqif+lLo0g=",
      "dev": true
    },
    "browserslist": {
      "version": "4.16.1",
      "resolved": "https://registry.npm.taobao.org/browserslist/download/browserslist-4.16.1.tgz?cache=0&sync_timestamp=1609895713586&other_urls=https%3A%2F%2Fregistry.npm.taobao.org%2Fbrowserslist%2Fdownload%2Fbrowserslist-4.16.1.tgz",
      "integrity": "sha1-v3V6LaN2s0R7gAoW8PHJY1gTh2Y=",
      "dev": true,
      "requires": {
        "caniuse-lite": "^1.0.30001173",
        "colorette": "^1.2.1",
        "electron-to-chromium": "^1.3.634",
        "escalade": "^3.1.1",
        "node-releases": "^1.1.69"
      }
    },
    "buffer-from": {
      "version": "1.1.1",
      "resolved": "https://registry.npm.taobao.org/buffer-from/download/buffer-from-1.1.1.tgz",
      "integrity": "sha1-MnE7wCj3XAL9txDXx7zsHyxgcO8=",
      "dev": true
    },
    "caniuse-lite": {
      "version": "1.0.30001174",
      "resolved": "https://registry.npm.taobao.org/caniuse-lite/download/caniuse-lite-1.0.30001174.tgz?cache=0&sync_timestamp=1610315057576&other_urls=https%3A%2F%2Fregistry.npm.taobao.org%2Fcaniuse-lite%2Fdownload%2Fcaniuse-lite-1.0.30001174.tgz",
      "integrity": "sha1-DyrKIVP9iM6weiu5gvwqy3h2I8Q=",
      "dev": true
    },
    "chrome-trace-event": {
      "version": "1.0.2",
      "resolved": "https://registry.npm.taobao.org/chrome-trace-event/download/chrome-trace-event-1.0.2.tgz",
      "integrity": "sha1-I0CQ7pfH1K0aLEvq4nUF3v/GCKQ=",
      "dev": true,
      "requires": {
        "tslib": "^1.9.0"
      }
    },
    "colorette": {
      "version": "1.2.1",
      "resolved": "https://registry.npm.taobao.org/colorette/download/colorette-1.2.1.tgz",
      "integrity": "sha1-TQuSEyXBT6+SYzCGpTbbbolWSxs=",
      "dev": true
    },
    "commander": {
      "version": "2.20.3",
      "resolved": "https://registry.npm.taobao.org/commander/download/commander-2.20.3.tgz?cache=0&sync_timestamp=1607933281807&other_urls=https%3A%2F%2Fregistry.npm.taobao.org%2Fcommander%2Fdownload%2Fcommander-2.20.3.tgz",
      "integrity": "sha1-/UhehMA+tIgcIHIrpIA16FMa6zM=",
      "dev": true
    },
    "cross-spawn": {
      "version": "7.0.3",
      "resolved": "https://registry.npm.taobao.org/cross-spawn/download/cross-spawn-7.0.3.tgz",
      "integrity": "sha1-9zqFudXUHQRVUcF34ogtSshXKKY=",
      "dev": true,
      "requires": {
        "path-key": "^3.1.0",
        "shebang-command": "^2.0.0",
        "which": "^2.0.1"
      }
    },
    "electron-to-chromium": {
      "version": "1.3.635",
      "resolved": "https://registry.npm.taobao.org/electron-to-chromium/download/electron-to-chromium-1.3.635.tgz?cache=0&sync_timestamp=1610130841901&other_urls=https%3A%2F%2Fregistry.npm.taobao.org%2Felectron-to-chromium%2Fdownload%2Felectron-to-chromium-1.3.635.tgz",
      "integrity": "sha1-jRWR7sprJX04AGGiwE8LPMbJ4zs=",
      "dev": true
    },
    "enhanced-resolve": {
      "version": "5.4.1",
      "resolved": "https://registry.npm.taobao.org/enhanced-resolve/download/enhanced-resolve-5.4.1.tgz?cache=0&sync_timestamp=1608557470499&other_urls=https%3A%2F%2Fregistry.npm.taobao.org%2Fenhanced-resolve%2Fdownload%2Fenhanced-resolve-5.4.1.tgz",
      "integrity": "sha1-yJsMNPF/kxkC7ykToSXUuCW0m28=",
      "dev": true,
      "requires": {
        "graceful-fs": "^4.2.4",
        "tapable": "^2.2.0"
      }
    },
    "enquirer": {
      "version": "2.3.6",
      "resolved": "https://registry.npm.taobao.org/enquirer/download/enquirer-2.3.6.tgz",
      "integrity": "sha1-Kn/l3WNKHkElqXXsmU/1RW3Dc00=",
      "dev": true,
      "requires": {
        "ansi-colors": "^4.1.1"
      }
    },
    "envinfo": {
      "version": "7.7.3",
      "resolved": "https://registry.npm.taobao.org/envinfo/download/envinfo-7.7.3.tgz",
      "integrity": "sha1-Sy2GIuPnNmr7gJGyPtlVaeoCCMw=",
      "dev": true
    },
    "escalade": {
      "version": "3.1.1",
      "resolved": "https://registry.npm.taobao.org/escalade/download/escalade-3.1.1.tgz?cache=0&sync_timestamp=1602567343144&other_urls=https%3A%2F%2Fregistry.npm.taobao.org%2Fescalade%2Fdownload%2Fescalade-3.1.1.tgz",
      "integrity": "sha1-2M/ccACWXFoBdLSoLqpcBVJ0LkA=",
      "dev": true
    },
    "eslint-scope": {
      "version": "5.1.1",
      "resolved": "https://registry.npm.taobao.org/eslint-scope/download/eslint-scope-5.1.1.tgz?cache=0&sync_timestamp=1599933675196&other_urls=https%3A%2F%2Fregistry.npm.taobao.org%2Feslint-scope%2Fdownload%2Feslint-scope-5.1.1.tgz",
      "integrity": "sha1-54blmmbLkrP2wfsNUIqrF0hI9Iw=",
      "dev": true,
      "requires": {
        "esrecurse": "^4.3.0",
        "estraverse": "^4.1.1"
      }
    },
    "esrecurse": {
      "version": "4.3.0",
      "resolved": "https://registry.npm.taobao.org/esrecurse/download/esrecurse-4.3.0.tgz",
      "integrity": "sha1-eteWTWeauyi+5yzsY3WLHF0smSE=",
      "dev": true,
      "requires": {
        "estraverse": "^5.2.0"
      },
      "dependencies": {
        "estraverse": {
          "version": "5.2.0",
          "resolved": "https://registry.npm.taobao.org/estraverse/download/estraverse-5.2.0.tgz?cache=0&sync_timestamp=1596643087695&other_urls=https%3A%2F%2Fregistry.npm.taobao.org%2Festraverse%2Fdownload%2Festraverse-5.2.0.tgz",
          "integrity": "sha1-MH30JUfmzHMk088DwVXVzbjFOIA=",
          "dev": true
        }
      }
    },
    "estraverse": {
      "version": "4.3.0",
      "resolved": "https://registry.npm.taobao.org/estraverse/download/estraverse-4.3.0.tgz?cache=0&sync_timestamp=1596643087695&other_urls=https%3A%2F%2Fregistry.npm.taobao.org%2Festraverse%2Fdownload%2Festraverse-4.3.0.tgz",
      "integrity": "sha1-OYrT88WiSUi+dyXoPRGn3ijNvR0=",
      "dev": true
    },
    "events": {
      "version": "3.2.0",
      "resolved": "https://registry.npm.taobao.org/events/download/events-3.2.0.tgz",
      "integrity": "sha1-k7h8GPjvzUICpGGuxN/AVWtjk3k=",
      "dev": true
    },
    "execa": {
      "version": "5.0.0",
      "resolved": "https://registry.npm.taobao.org/execa/download/execa-5.0.0.tgz?cache=0&sync_timestamp=1606971095699&other_urls=https%3A%2F%2Fregistry.npm.taobao.org%2Fexeca%2Fdownload%2Fexeca-5.0.0.tgz",
      "integrity": "sha1-QCmwAHmYqEH70QMuX03oajweM3Y=",
      "dev": true,
      "requires": {
        "cross-spawn": "^7.0.3",
        "get-stream": "^6.0.0",
        "human-signals": "^2.1.0",
        "is-stream": "^2.0.0",
        "merge-stream": "^2.0.0",
        "npm-run-path": "^4.0.1",
        "onetime": "^5.1.2",
        "signal-exit": "^3.0.3",
        "strip-final-newline": "^2.0.0"
      }
    },
    "fast-deep-equal": {
      "version": "3.1.3",
      "resolved": "https://registry.npm.taobao.org/fast-deep-equal/download/fast-deep-equal-3.1.3.tgz",
      "integrity": "sha1-On1WtVnWy8PrUSMlJE5hmmXGxSU=",
      "dev": true
    },
    "fast-json-stable-stringify": {
      "version": "2.1.0",
      "resolved": "https://registry.npm.taobao.org/fast-json-stable-stringify/download/fast-json-stable-stringify-2.1.0.tgz",
      "integrity": "sha1-h0v2nG9ATCtdmcSBNBOZ/VWJJjM=",
      "dev": true
    },
    "fastest-levenshtein": {
      "version": "1.0.12",
      "resolved": "https://registry.npm.taobao.org/fastest-levenshtein/download/fastest-levenshtein-1.0.12.tgz",
      "integrity": "sha1-mZD306iMxan/0fF0V0UlFwDUl+I=",
      "dev": true
    },
    "find-up": {
      "version": "5.0.0",
      "resolved": "https://registry.npm.taobao.org/find-up/download/find-up-5.0.0.tgz?cache=0&sync_timestamp=1597169884679&other_urls=https%3A%2F%2Fregistry.npm.taobao.org%2Ffind-up%2Fdownload%2Ffind-up-5.0.0.tgz",
      "integrity": "sha1-TJKBnstwg1YeT0okCoa+UZj1Nvw=",
      "dev": true,
      "requires": {
        "locate-path": "^6.0.0",
        "path-exists": "^4.0.0"
      }
    },
    "function-bind": {
      "version": "1.1.1",
      "resolved": "https://registry.npm.taobao.org/function-bind/download/function-bind-1.1.1.tgz",
      "integrity": "sha1-pWiZ0+o8m6uHS7l3O3xe3pL0iV0=",
      "dev": true
    },
    "get-stream": {
      "version": "6.0.0",
      "resolved": "https://registry.npm.taobao.org/get-stream/download/get-stream-6.0.0.tgz?cache=0&sync_timestamp=1597056585216&other_urls=https%3A%2F%2Fregistry.npm.taobao.org%2Fget-stream%2Fdownload%2Fget-stream-6.0.0.tgz",
      "integrity": "sha1-PgASy2gnMZ2icG5gGhWD6GKaZxg=",
      "dev": true
    },
    "glob-to-regexp": {
      "version": "0.4.1",
      "resolved": "https://registry.npm.taobao.org/glob-to-regexp/download/glob-to-regexp-0.4.1.tgz",
      "integrity": "sha1-x1KXCHyFG5pXi9IX3VmpL1n+VG4=",
      "dev": true
    },
    "graceful-fs": {
      "version": "4.2.4",
      "resolved": "https://registry.npm.taobao.org/graceful-fs/download/graceful-fs-4.2.4.tgz",
      "integrity": "sha1-Ila94U02MpWMRl68ltxGfKB6Kfs=",
      "dev": true
    },
    "has": {
      "version": "1.0.3",
      "resolved": "https://registry.npm.taobao.org/has/download/has-1.0.3.tgz",
      "integrity": "sha1-ci18v8H2qoJB8W3YFOAR4fQeh5Y=",
      "dev": true,
      "requires": {
        "function-bind": "^1.1.1"
      }
    },
    "has-flag": {
      "version": "4.0.0",
      "resolved": "https://registry.npm.taobao.org/has-flag/download/has-flag-4.0.0.tgz?cache=0&sync_timestamp=1577797756584&other_urls=https%3A%2F%2Fregistry.npm.taobao.org%2Fhas-flag%2Fdownload%2Fhas-flag-4.0.0.tgz",
      "integrity": "sha1-lEdx/ZyByBJlxNaUGGDaBrtZR5s=",
      "dev": true
    },
    "human-signals": {
      "version": "2.1.0",
      "resolved": "https://registry.npm.taobao.org/human-signals/download/human-signals-2.1.0.tgz",
      "integrity": "sha1-3JH8ukLk0G5Kuu0zs+ejwC9RTqA=",
      "dev": true
    },
    "import-local": {
      "version": "3.0.2",
      "resolved": "https://registry.npm.taobao.org/import-local/download/import-local-3.0.2.tgz?cache=0&sync_timestamp=1577797775692&other_urls=https%3A%2F%2Fregistry.npm.taobao.org%2Fimport-local%2Fdownload%2Fimport-local-3.0.2.tgz",
      "integrity": "sha1-qM/QQx0d5KIZlwPQA+PmI2T6bbY=",
      "dev": true,
      "requires": {
        "pkg-dir": "^4.2.0",
        "resolve-cwd": "^3.0.0"
      },
      "dependencies": {
        "find-up": {
          "version": "4.1.0",
          "resolved": "https://registry.npm.taobao.org/find-up/download/find-up-4.1.0.tgz?cache=0&sync_timestamp=1597169884679&other_urls=https%3A%2F%2Fregistry.npm.taobao.org%2Ffind-up%2Fdownload%2Ffind-up-4.1.0.tgz",
          "integrity": "sha1-l6/n1s3AvFkoWEt8jXsW6KmqXRk=",
          "dev": true,
          "requires": {
            "locate-path": "^5.0.0",
            "path-exists": "^4.0.0"
          }
        },
        "locate-path": {
          "version": "5.0.0",
          "resolved": "https://registry.npm.taobao.org/locate-path/download/locate-path-5.0.0.tgz",
          "integrity": "sha1-Gvujlq/WdqbUJQTQpno6frn2KqA=",
          "dev": true,
          "requires": {
            "p-locate": "^4.1.0"
          }
        },
        "p-limit": {
          "version": "2.3.0",
          "resolved": "https://registry.npm.taobao.org/p-limit/download/p-limit-2.3.0.tgz?cache=0&sync_timestamp=1606288362378&other_urls=https%3A%2F%2Fregistry.npm.taobao.org%2Fp-limit%2Fdownload%2Fp-limit-2.3.0.tgz",
          "integrity": "sha1-PdM8ZHohT9//2DWTPrCG2g3CHbE=",
          "dev": true,
          "requires": {
            "p-try": "^2.0.0"
          }
        },
        "p-locate": {
          "version": "4.1.0",
          "resolved": "https://registry.npm.taobao.org/p-locate/download/p-locate-4.1.0.tgz",
          "integrity": "sha1-o0KLtwiLOmApL2aRkni3wpetTwc=",
          "dev": true,
          "requires": {
            "p-limit": "^2.2.0"
          }
        },
        "pkg-dir": {
          "version": "4.2.0",
          "resolved": "https://registry.npm.taobao.org/pkg-dir/download/pkg-dir-4.2.0.tgz?cache=0&sync_timestamp=1602859056682&other_urls=https%3A%2F%2Fregistry.npm.taobao.org%2Fpkg-dir%2Fdownload%2Fpkg-dir-4.2.0.tgz",
          "integrity": "sha1-8JkTPfft5CLoHR2ESCcO6z5CYfM=",
          "dev": true,
          "requires": {
            "find-up": "^4.0.0"
          }
        }
      }
    },
    "interpret": {
      "version": "2.2.0",
      "resolved": "https://registry.npm.taobao.org/interpret/download/interpret-2.2.0.tgz",
      "integrity": "sha1-GnigtZZcQKVBbQB61vUK0nxBffk=",
      "dev": true
    },
    "is-core-module": {
      "version": "2.2.0",
      "resolved": "https://registry.npm.taobao.org/is-core-module/download/is-core-module-2.2.0.tgz?cache=0&sync_timestamp=1606413651726&other_urls=https%3A%2F%2Fregistry.npm.taobao.org%2Fis-core-module%2Fdownload%2Fis-core-module-2.2.0.tgz",
      "integrity": "sha1-lwN+89UiJNhRY/VZeytj2a/tmBo=",
      "dev": true,
      "requires": {
        "has": "^1.0.3"
      }
    },
    "is-stream": {
      "version": "2.0.0",
      "resolved": "https://registry.npm.taobao.org/is-stream/download/is-stream-2.0.0.tgz",
      "integrity": "sha1-venDJoDW+uBBKdasnZIc54FfeOM=",
      "dev": true
    },
    "isexe": {
      "version": "2.0.0",
      "resolved": "https://registry.npm.taobao.org/isexe/download/isexe-2.0.0.tgz",
      "integrity": "sha1-6PvzdNxVb/iUehDcsFctYz8s+hA=",
      "dev": true
    },
    "jest-worker": {
      "version": "26.6.2",
      "resolved": "https://registry.npm.taobao.org/jest-worker/download/jest-worker-26.6.2.tgz?cache=0&sync_timestamp=1607353038957&other_urls=https%3A%2F%2Fregistry.npm.taobao.org%2Fjest-worker%2Fdownload%2Fjest-worker-26.6.2.tgz",
      "integrity": "sha1-f3LLxNZDw2Xie5/XdfnQ6qnHqO0=",
      "dev": true,
      "requires": {
        "@types/node": "*",
        "merge-stream": "^2.0.0",
        "supports-color": "^7.0.0"
      }
    },
    "json-parse-better-errors": {
      "version": "1.0.2",
      "resolved": "https://registry.npm.taobao.org/json-parse-better-errors/download/json-parse-better-errors-1.0.2.tgz",
      "integrity": "sha1-u4Z8+zRQ5pEHwTHRxRS6s9yLyqk=",
      "dev": true
    },
    "json-schema-traverse": {
      "version": "0.4.1",
      "resolved": "https://registry.npm.taobao.org/json-schema-traverse/download/json-schema-traverse-0.4.1.tgz?cache=0&sync_timestamp=1608000211395&other_urls=https%3A%2F%2Fregistry.npm.taobao.org%2Fjson-schema-traverse%2Fdownload%2Fjson-schema-traverse-0.4.1.tgz",
      "integrity": "sha1-afaofZUTq4u4/mO9sJecRI5oRmA=",
      "dev": true
    },
    "loader-runner": {
      "version": "4.2.0",
      "resolved": "https://registry.npm.taobao.org/loader-runner/download/loader-runner-4.2.0.tgz?cache=0&sync_timestamp=1610027938815&other_urls=https%3A%2F%2Fregistry.npm.taobao.org%2Floader-runner%2Fdownload%2Floader-runner-4.2.0.tgz",
      "integrity": "sha1-1wIjgNZtFMX7HUlriYZOvP1Hg4Q=",
      "dev": true
    },
    "locate-path": {
      "version": "6.0.0",
      "resolved": "https://registry.npm.taobao.org/locate-path/download/locate-path-6.0.0.tgz",
      "integrity": "sha1-VTIeswn+u8WcSAHZMackUqaB0oY=",
      "dev": true,
      "requires": {
        "p-locate": "^5.0.0"
      }
    },
    "lodash": {
      "version": "4.17.20",
      "resolved": "https://registry.npm.taobao.org/lodash/download/lodash-4.17.20.tgz?cache=0&sync_timestamp=1597336082988&other_urls=https%3A%2F%2Fregistry.npm.taobao.org%2Flodash%2Fdownload%2Flodash-4.17.20.tgz",
      "integrity": "sha1-tEqbYpe8tpjxxRo1RaKzs2jVnFI=",
      "dev": true
    },
    "merge-stream": {
      "version": "2.0.0",
      "resolved": "https://registry.npm.taobao.org/merge-stream/download/merge-stream-2.0.0.tgz",
      "integrity": "sha1-UoI2KaFN0AyXcPtq1H3GMQ8sH2A=",
      "dev": true
    },
    "mime-db": {
      "version": "1.45.0",
      "resolved": "https://registry.npm.taobao.org/mime-db/download/mime-db-1.45.0.tgz?cache=0&sync_timestamp=1600831117178&other_urls=https%3A%2F%2Fregistry.npm.taobao.org%2Fmime-db%2Fdownload%2Fmime-db-1.45.0.tgz",
      "integrity": "sha1-zO7aIczXw6dF66LezVXUtz54eeo=",
      "dev": true
    },
    "mime-types": {
      "version": "2.1.28",
      "resolved": "https://registry.npm.taobao.org/mime-types/download/mime-types-2.1.28.tgz?cache=0&sync_timestamp=1609559952590&other_urls=https%3A%2F%2Fregistry.npm.taobao.org%2Fmime-types%2Fdownload%2Fmime-types-2.1.28.tgz",
      "integrity": "sha1-EWDEdX6rLFNjiI4AUnPs950qDs0=",
      "dev": true,
      "requires": {
        "mime-db": "1.45.0"
      }
    },
    "mimic-fn": {
      "version": "2.1.0",
      "resolved": "https://registry.npm.taobao.org/mimic-fn/download/mimic-fn-2.1.0.tgz",
      "integrity": "sha1-ftLCzMyvhNP/y3pptXcR/CCDQBs=",
      "dev": true
    },
    "neo-async": {
      "version": "2.6.2",
      "resolved": "https://registry.npm.taobao.org/neo-async/download/neo-async-2.6.2.tgz",
      "integrity": "sha1-tKr7k+OustgXTKU88WOrfXMIMF8=",
      "dev": true
    },
    "node-releases": {
      "version": "1.1.69",
      "resolved": "https://registry.npm.taobao.org/node-releases/download/node-releases-1.1.69.tgz?cache=0&sync_timestamp=1609790051873&other_urls=https%3A%2F%2Fregistry.npm.taobao.org%2Fnode-releases%2Fdownload%2Fnode-releases-1.1.69.tgz",
      "integrity": "sha1-MUnb3lO3gWEM2LSG1i2G4mw3JfY=",
      "dev": true
    },
    "npm-run-path": {
      "version": "4.0.1",
      "resolved": "https://registry.npm.taobao.org/npm-run-path/download/npm-run-path-4.0.1.tgz",
      "integrity": "sha1-t+zR5e1T2o43pV4cImnguX7XSOo=",
      "dev": true,
      "requires": {
        "path-key": "^3.0.0"
      }
    },
    "onetime": {
      "version": "5.1.2",
      "resolved": "https://registry.npm.taobao.org/onetime/download/onetime-5.1.2.tgz?cache=0&sync_timestamp=1597003951681&other_urls=https%3A%2F%2Fregistry.npm.taobao.org%2Fonetime%2Fdownload%2Fonetime-5.1.2.tgz",
      "integrity": "sha1-0Oluu1awdHbfHdnEgG5SN5hcpF4=",
      "dev": true,
      "requires": {
        "mimic-fn": "^2.1.0"
      }
    },
    "p-limit": {
      "version": "3.1.0",
      "resolved": "https://registry.npm.taobao.org/p-limit/download/p-limit-3.1.0.tgz?cache=0&sync_timestamp=1606288362378&other_urls=https%3A%2F%2Fregistry.npm.taobao.org%2Fp-limit%2Fdownload%2Fp-limit-3.1.0.tgz",
      "integrity": "sha1-4drMvnjQ0TiMoYxk/qOOPlfjcGs=",
      "dev": true,
      "requires": {
        "yocto-queue": "^0.1.0"
      }
    },
    "p-locate": {
      "version": "5.0.0",
      "resolved": "https://registry.npm.taobao.org/p-locate/download/p-locate-5.0.0.tgz",
      "integrity": "sha1-g8gxXGeFAF470CGDlBHJ4RDm2DQ=",
      "dev": true,
      "requires": {
        "p-limit": "^3.0.2"
      }
    },
    "p-try": {
      "version": "2.2.0",
      "resolved": "https://registry.npm.taobao.org/p-try/download/p-try-2.2.0.tgz",
      "integrity": "sha1-yyhoVA4xPWHeWPr741zpAE1VQOY=",
      "dev": true
    },
    "path-exists": {
      "version": "4.0.0",
      "resolved": "https://registry.npm.taobao.org/path-exists/download/path-exists-4.0.0.tgz",
      "integrity": "sha1-UTvb4tO5XXdi6METfvoZXGxhtbM=",
      "dev": true
    },
    "path-key": {
      "version": "3.1.1",
      "resolved": "https://registry.npm.taobao.org/path-key/download/path-key-3.1.1.tgz",
      "integrity": "sha1-WB9q3mWMu6ZaDTOA3ndTKVBU83U=",
      "dev": true
    },
    "path-parse": {
      "version": "1.0.6",
      "resolved": "https://registry.npm.taobao.org/path-parse/download/path-parse-1.0.6.tgz",
      "integrity": "sha1-1i27VnlAXXLEc37FhgDp3c8G0kw=",
      "dev": true
    },
    "pkg-dir": {
      "version": "5.0.0",
      "resolved": "https://registry.npm.taobao.org/pkg-dir/download/pkg-dir-5.0.0.tgz?cache=0&sync_timestamp=1602859056682&other_urls=https%3A%2F%2Fregistry.npm.taobao.org%2Fpkg-dir%2Fdownload%2Fpkg-dir-5.0.0.tgz",
      "integrity": "sha1-oC1q6+a6EzqSj3Suwguv3+a452A=",
      "dev": true,
      "requires": {
        "find-up": "^5.0.0"
      }
    },
    "punycode": {
      "version": "2.1.1",
      "resolved": "https://registry.npm.taobao.org/punycode/download/punycode-2.1.1.tgz",
      "integrity": "sha1-tYsBCsQMIsVldhbI0sLALHv0eew=",
      "dev": true
    },
    "randombytes": {
      "version": "2.1.0",
      "resolved": "https://registry.npm.taobao.org/randombytes/download/randombytes-2.1.0.tgz",
      "integrity": "sha1-32+ENy8CcNxlzfYpE0mrekc9Tyo=",
      "dev": true,
      "requires": {
        "safe-buffer": "^5.1.0"
      }
    },
    "rechoir": {
      "version": "0.7.0",
      "resolved": "https://registry.npm.taobao.org/rechoir/download/rechoir-0.7.0.tgz",
      "integrity": "sha1-MmUP1SwhqyUqpdZbGTEEQcfgOso=",
      "dev": true,
      "requires": {
        "resolve": "^1.9.0"
      }
    },
    "resolve": {
      "version": "1.19.0",
      "resolved": "https://registry.npm.taobao.org/resolve/download/resolve-1.19.0.tgz",
      "integrity": "sha1-GvW/YwQJc0oGfK4pMYqsf6KaJnw=",
      "dev": true,
      "requires": {
        "is-core-module": "^2.1.0",
        "path-parse": "^1.0.6"
      }
    },
    "resolve-cwd": {
      "version": "3.0.0",
      "resolved": "https://registry.npm.taobao.org/resolve-cwd/download/resolve-cwd-3.0.0.tgz?cache=0&sync_timestamp=1577797763257&other_urls=https%3A%2F%2Fregistry.npm.taobao.org%2Fresolve-cwd%2Fdownload%2Fresolve-cwd-3.0.0.tgz",
      "integrity": "sha1-DwB18bslRHZs9zumpuKt/ryxPy0=",
      "dev": true,
      "requires": {
        "resolve-from": "^5.0.0"
      }
    },
    "resolve-from": {
      "version": "5.0.0",
      "resolved": "https://registry.npm.taobao.org/resolve-from/download/resolve-from-5.0.0.tgz",
      "integrity": "sha1-w1IlhD3493bfIcV1V7wIfp39/Gk=",
      "dev": true
    },
    "safe-buffer": {
      "version": "5.2.1",
      "resolved": "https://registry.npm.taobao.org/safe-buffer/download/safe-buffer-5.2.1.tgz",
      "integrity": "sha1-Hq+fqb2x/dTsdfWPnNtOa3gn7sY=",
      "dev": true
    },
    "schema-utils": {
      "version": "3.0.0",
      "resolved": "https://registry.npm.taobao.org/schema-utils/download/schema-utils-3.0.0.tgz?cache=0&other_urls=https%3A%2F%2Fregistry.npm.taobao.org%2Fschema-utils%2Fdownload%2Fschema-utils-3.0.0.tgz",
      "integrity": "sha1-Z1AvaqK2ai1AMrQnmilEl4oJE+8=",
      "dev": true,
      "requires": {
        "@types/json-schema": "^7.0.6",
        "ajv": "^6.12.5",
        "ajv-keywords": "^3.5.2"
      }
    },
    "serialize-javascript": {
      "version": "5.0.1",
      "resolved": "https://registry.npm.taobao.org/serialize-javascript/download/serialize-javascript-5.0.1.tgz?cache=0&sync_timestamp=1599740668657&other_urls=https%3A%2F%2Fregistry.npm.taobao.org%2Fserialize-javascript%2Fdownload%2Fserialize-javascript-5.0.1.tgz",
      "integrity": "sha1-eIbshIBJpGJGepfT2Rjrsqr5NPQ=",
      "dev": true,
      "requires": {
        "randombytes": "^2.1.0"
      }
    },
    "shebang-command": {
      "version": "2.0.0",
      "resolved": "https://registry.npm.taobao.org/shebang-command/download/shebang-command-2.0.0.tgz",
      "integrity": "sha1-zNCvT4g1+9wmW4JGGq8MNmY/NOo=",
      "dev": true,
      "requires": {
        "shebang-regex": "^3.0.0"
      }
    },
    "shebang-regex": {
      "version": "3.0.0",
      "resolved": "https://registry.npm.taobao.org/shebang-regex/download/shebang-regex-3.0.0.tgz",
      "integrity": "sha1-rhbxZE2HPsrYQ7AwexQzYtTEIXI=",
      "dev": true
    },
    "signal-exit": {
      "version": "3.0.3",
      "resolved": "https://registry.npm.taobao.org/signal-exit/download/signal-exit-3.0.3.tgz?cache=0&sync_timestamp=1592843131591&other_urls=https%3A%2F%2Fregistry.npm.taobao.org%2Fsignal-exit%2Fdownload%2Fsignal-exit-3.0.3.tgz",
      "integrity": "sha1-oUEMLt2PB3sItOJTyOrPyvBXRhw=",
      "dev": true
    },
    "source-list-map": {
      "version": "2.0.1",
      "resolved": "https://registry.npm.taobao.org/source-list-map/download/source-list-map-2.0.1.tgz",
      "integrity": "sha1-OZO9hzv8SEecyp6jpUeDXHwVSzQ=",
      "dev": true
    },
    "source-map": {
      "version": "0.6.1",
      "resolved": "https://registry.npm.taobao.org/source-map/download/source-map-0.6.1.tgz",
      "integrity": "sha1-dHIq8y6WFOnCh6jQu95IteLxomM=",
      "dev": true
    },
    "source-map-support": {
      "version": "0.5.19",
      "resolved": "https://registry.npm.taobao.org/source-map-support/download/source-map-support-0.5.19.tgz",
      "integrity": "sha1-qYti+G3K9PZzmWSMCFKRq56P7WE=",
      "dev": true,
      "requires": {
        "buffer-from": "^1.0.0",
        "source-map": "^0.6.0"
      }
    },
    "strip-final-newline": {
      "version": "2.0.0",
      "resolved": "https://registry.npm.taobao.org/strip-final-newline/download/strip-final-newline-2.0.0.tgz",
      "integrity": "sha1-ibhS+y/L6Tb29LMYevsKEsGrWK0=",
      "dev": true
    },
    "supports-color": {
      "version": "7.2.0",
      "resolved": "https://registry.npm.taobao.org/supports-color/download/supports-color-7.2.0.tgz?cache=0&sync_timestamp=1608033349725&other_urls=https%3A%2F%2Fregistry.npm.taobao.org%2Fsupports-color%2Fdownload%2Fsupports-color-7.2.0.tgz",
      "integrity": "sha1-G33NyzK4E4gBs+R4umpRyqiWSNo=",
      "dev": true,
      "requires": {
        "has-flag": "^4.0.0"
      }
    },
    "tapable": {
      "version": "2.2.0",
      "resolved": "https://registry.npm.taobao.org/tapable/download/tapable-2.2.0.tgz?cache=0&sync_timestamp=1607088859616&other_urls=https%3A%2F%2Fregistry.npm.taobao.org%2Ftapable%2Fdownload%2Ftapable-2.2.0.tgz",
      "integrity": "sha1-XDc9KB2cZyhIIT0OA30cQWWrQms=",
      "dev": true
    },
    "terser": {
      "version": "5.5.1",
      "resolved": "https://registry.npm.taobao.org/terser/download/terser-5.5.1.tgz?cache=0&sync_timestamp=1606492250194&other_urls=https%3A%2F%2Fregistry.npm.taobao.org%2Fterser%2Fdownload%2Fterser-5.5.1.tgz",
      "integrity": "sha1-VAyqJROdb0lv3qBW5BQoSIb7Iok=",
      "dev": true,
      "requires": {
        "commander": "^2.20.0",
        "source-map": "~0.7.2",
        "source-map-support": "~0.5.19"
      },
      "dependencies": {
        "source-map": {
          "version": "0.7.3",
          "resolved": "https://registry.npm.taobao.org/source-map/download/source-map-0.7.3.tgz",
          "integrity": "sha1-UwL4FpAxc1ImVECS5kmB91F1A4M=",
          "dev": true
        }
      }
    },
    "terser-webpack-plugin": {
      "version": "5.1.1",
      "resolved": "https://registry.npm.taobao.org/terser-webpack-plugin/download/terser-webpack-plugin-5.1.1.tgz",
      "integrity": "sha1-fv+t7gb37PoJPbvT6asj9fPthnM=",
      "dev": true,
      "requires": {
        "jest-worker": "^26.6.2",
        "p-limit": "^3.1.0",
        "schema-utils": "^3.0.0",
        "serialize-javascript": "^5.0.1",
        "source-map": "^0.6.1",
        "terser": "^5.5.1"
      }
    },
    "tslib": {
      "version": "1.14.1",
      "resolved": "https://registry.npm.taobao.org/tslib/download/tslib-1.14.1.tgz?cache=0&sync_timestamp=1609887438976&other_urls=https%3A%2F%2Fregistry.npm.taobao.org%2Ftslib%2Fdownload%2Ftslib-1.14.1.tgz",
      "integrity": "sha1-zy04vcNKE0vK8QkcQfZhni9nLQA=",
      "dev": true
    },
    "uri-js": {
      "version": "4.4.1",
      "resolved": "https://registry.npm.taobao.org/uri-js/download/uri-js-4.4.1.tgz?cache=0&sync_timestamp=1610237586670&other_urls=https%3A%2F%2Fregistry.npm.taobao.org%2Furi-js%2Fdownload%2Furi-js-4.4.1.tgz",
      "integrity": "sha1-mxpSWVIlhZ5V9mnZKPiMbFfyp34=",
      "dev": true,
      "requires": {
        "punycode": "^2.1.0"
      }
    },
    "v8-compile-cache": {
      "version": "2.2.0",
      "resolved": "https://registry.npm.taobao.org/v8-compile-cache/download/v8-compile-cache-2.2.0.tgz?cache=0&sync_timestamp=1603909396193&other_urls=https%3A%2F%2Fregistry.npm.taobao.org%2Fv8-compile-cache%2Fdownload%2Fv8-compile-cache-2.2.0.tgz",
      "integrity": "sha1-lHHvo++RKNL3xqfKOcTda1BVsTI=",
      "dev": true
    },
    "watchpack": {
      "version": "2.1.0",
      "resolved": "https://registry.npm.taobao.org/watchpack/download/watchpack-2.1.0.tgz",
      "integrity": "sha1-5jGUc2vzqiICb3sZHNV5B7D59pY=",
      "dev": true,
      "requires": {
        "glob-to-regexp": "^0.4.1",
        "graceful-fs": "^4.1.2"
      }
    },
    "webpack": {
      "version": "5.12.3",
      "resolved": "https://registry.npm.taobao.org/webpack/download/webpack-5.12.3.tgz?cache=0&sync_timestamp=1610302147958&other_urls=https%3A%2F%2Fregistry.npm.taobao.org%2Fwebpack%2Fdownload%2Fwebpack-5.12.3.tgz",
      "integrity": "sha1-JoKutr31Yio2XvhVOS+Pozi8qig=",
      "dev": true,
      "requires": {
        "@types/eslint-scope": "^3.7.0",
        "@types/estree": "^0.0.45",
        "@webassemblyjs/ast": "1.11.0",
        "@webassemblyjs/wasm-edit": "1.11.0",
        "@webassemblyjs/wasm-parser": "1.11.0",
        "acorn": "^8.0.4",
        "browserslist": "^4.14.5",
        "chrome-trace-event": "^1.0.2",
        "enhanced-resolve": "^5.3.1",
        "eslint-scope": "^5.1.1",
        "events": "^3.2.0",
        "glob-to-regexp": "^0.4.1",
        "graceful-fs": "^4.2.4",
        "json-parse-better-errors": "^1.0.2",
        "loader-runner": "^4.2.0",
        "mime-types": "^2.1.27",
        "neo-async": "^2.6.2",
        "pkg-dir": "^5.0.0",
        "schema-utils": "^3.0.0",
        "tapable": "^2.1.1",
        "terser-webpack-plugin": "^5.1.1",
        "watchpack": "^2.0.0",
        "webpack-sources": "^2.1.1"
      }
    },
    "webpack-cli": {
      "version": "4.3.1",
      "resolved": "https://registry.npm.taobao.org/webpack-cli/download/webpack-cli-4.3.1.tgz?cache=0&sync_timestamp=1609434277002&other_urls=https%3A%2F%2Fregistry.npm.taobao.org%2Fwebpack-cli%2Fdownload%2Fwebpack-cli-4.3.1.tgz",
      "integrity": "sha1-h6eHO8nGpHCKpld1knS2kecqBKg=",
      "dev": true,
      "requires": {
        "@discoveryjs/json-ext": "^0.5.0",
        "@webpack-cli/info": "^1.2.1",
        "@webpack-cli/serve": "^1.2.1",
        "colorette": "^1.2.1",
        "commander": "^6.2.0",
        "enquirer": "^2.3.6",
        "execa": "^5.0.0",
        "fastest-levenshtein": "^1.0.12",
        "import-local": "^3.0.2",
        "interpret": "^2.2.0",
        "rechoir": "^0.7.0",
        "v8-compile-cache": "^2.2.0",
        "webpack-merge": "^4.2.2"
      },
      "dependencies": {
        "commander": {
          "version": "6.2.1",
          "resolved": "https://registry.npm.taobao.org/commander/download/commander-6.2.1.tgz?cache=0&sync_timestamp=1607933281807&other_urls=https%3A%2F%2Fregistry.npm.taobao.org%2Fcommander%2Fdownload%2Fcommander-6.2.1.tgz",
          "integrity": "sha1-B5LraC37wyWZm7K4T93duhEKxzw=",
          "dev": true
        }
      }
    },
    "webpack-merge": {
      "version": "4.2.2",
      "resolved": "https://registry.npm.taobao.org/webpack-merge/download/webpack-merge-4.2.2.tgz?cache=0&sync_timestamp=1608705595544&other_urls=https%3A%2F%2Fregistry.npm.taobao.org%2Fwebpack-merge%2Fdownload%2Fwebpack-merge-4.2.2.tgz",
      "integrity": "sha1-onxS6ng9E5iv0gh/VH17nS9DY00=",
      "dev": true,
      "requires": {
        "lodash": "^4.17.15"
      }
    },
    "webpack-sources": {
      "version": "2.2.0",
      "resolved": "https://registry.npm.taobao.org/webpack-sources/download/webpack-sources-2.2.0.tgz?cache=0&sync_timestamp=1603965313080&other_urls=https%3A%2F%2Fregistry.npm.taobao.org%2Fwebpack-sources%2Fdownload%2Fwebpack-sources-2.2.0.tgz",
      "integrity": "sha1-BYkm8549RDGTtsMVRyKYBv/QK6w=",
      "dev": true,
      "requires": {
        "source-list-map": "^2.0.1",
        "source-map": "^0.6.1"
      }
    },
    "which": {
      "version": "2.0.2",
      "resolved": "https://registry.npm.taobao.org/which/download/which-2.0.2.tgz",
      "integrity": "sha1-fGqN0KY2oDJ+ELWckobu6T8/UbE=",
      "dev": true,
      "requires": {
        "isexe": "^2.0.0"
      }
    },
    "yocto-queue": {
      "version": "0.1.0",
      "resolved": "https://registry.npm.taobao.org/yocto-queue/download/yocto-queue-0.1.0.tgz?cache=0&sync_timestamp=1606290469373&other_urls=https%3A%2F%2Fregistry.npm.taobao.org%2Fyocto-queue%2Fdownload%2Fyocto-queue-0.1.0.tgz",
      "integrity": "sha1-ApTrPe4FAo0x7hpfosVWpqrxChs=",
      "dev": true
    }
  }
}
